
Microsoft Visual Studio Solution File, Format Version 12.00
# Visual Studio Version 17
VisualStudioVersion = 17.0.31912.275
MinimumVisualStudioVersion = 10.0.40219.1
Project("{FAE04EC0-301F-11D3-BF4B-00C04F79EFBC}") = "LayoutKullanimi", "LayoutKullanimi\LayoutKullanimi.csproj", "{33896162-0675-45F4-AB6B-27B977E61C02}"
EndProject
Project("{2150E333-8FDC-42A3-9474-1A3956D46DE8}") = "Gun1", "Gun1", "{50D15861-DB30-45E6-BF33-5D622F93837C}"
EndProject
Global
	GlobalSection(SolutionConfigurationPlatforms) = preSolution
		Debug|Any CPU = Debug|Any CPU
		Release|Any CPU = Release|Any CPU
	EndGlobalSection
	GlobalSection(ProjectConfigurationPlatforms) = postSolution
		{33896162-0675-45F4-AB6B-27B977E61C02}.Debug|Any CPU.ActiveCfg = Debug|Any CPU
		{33896162-0675-45F4-AB6B-27B977E61C02}.Debug|Any CPU.Build.0 = Debug|Any CPU
		{33896162-0675-45F4-AB6B-27B977E61C02}.Release|Any CPU.ActiveCfg = Release|Any CPU
		{33896162-0675-45F4-AB6B-27B977E61C02}.Release|Any CPU.Build.0 = Release|Any CPU
	EndGlobalSection
	GlobalSection(SolutionProperties) = preSolution
		HideSolutionNode = FALSE
	EndGlobalSection
	GlobalSection(NestedProjects) = preSolution
		{33896162-0675-45F4-AB6B-27B977E61C02} = {50D15861-DB30-45E6-BF33-5D622F93837C}
	EndGlobalSection
	GlobalSection(ExtensibilityGlobals) = postSolution
		SolutionGuid = {11286E48-B5ED-406B-9A5E-E42B2A2BD4E8}
	EndGlobalSection
EndGlobal
